
Microsoft Visual Studio Solution File, Format Version 12.00
# Visual Studio 15
VisualStudioVersion = 15.0.28307.489
MinimumVisualStudioVersion = 10.0.40219.1
Project("{FAE04EC0-301F-11D3-BF4B-00C04F79EFBC}") = "CursoGit", "CursoGit\CursoGit.csproj", "{AB9B46D6-F2F3-48A6-8767-4721E568408C}"
EndProject
Global
	GlobalSection(SolutionConfigurationPlatforms) = preSolution
		Debug|Any CPU = Debug|Any CPU
		Release|Any CPU = Release|Any CPU
	EndGlobalSection
	GlobalSection(ProjectConfigurationPlatforms) = postSolution
		{AB9B46D6-F2F3-48A6-8767-4721E568408C}.Debug|Any CPU.ActiveCfg = Debug|Any CPU
		{AB9B46D6-F2F3-48A6-8767-4721E568408C}.Debug|Any CPU.Build.0 = Debug|Any CPU
		{AB9B46D6-F2F3-48A6-8767-4721E568408C}.Release|Any CPU.ActiveCfg = Release|Any CPU
		{AB9B46D6-F2F3-48A6-8767-4721E568408C}.Release|Any CPU.Build.0 = Release|Any CPU
	EndGlobalSection
	GlobalSection(SolutionProperties) = preSolution
		HideSolutionNode = FALSE
	EndGlobalSection
	GlobalSection(ExtensibilityGlobals) = postSolution
		SolutionGuid = {38798375-18D4-4774-80F0-B08DFD6444B7}
	EndGlobalSection
EndGlobal
